
Microsoft Visual Studio Solution File, Format Version 12.00
# Visual Studio Version 17
VisualStudioVersion = 17.13.35931.197 d17.13
MinimumVisualStudioVersion = 10.0.40219.1
Project("{FAE04EC0-301F-11D3-BF4B-00C04F79EFBC}") = "Return_value", "Return_value\Return_value.csproj", "{2FD89047-2926-4B78-8A01-044BDA983362}"
EndProject
Global
	GlobalSection(SolutionConfigurationPlatforms) = preSolution
		Debug|Any CPU = Debug|Any CPU
		Release|Any CPU = Release|Any CPU
	EndGlobalSection
	GlobalSection(ProjectConfigurationPlatforms) = postSolution
		{2FD89047-2926-4B78-8A01-044BDA983362}.Debug|Any CPU.ActiveCfg = Debug|Any CPU
		{2FD89047-2926-4B78-8A01-044BDA983362}.Debug|Any CPU.Build.0 = Debug|Any CPU
		{2FD89047-2926-4B78-8A01-044BDA983362}.Release|Any CPU.ActiveCfg = Release|Any CPU
		{2FD89047-2926-4B78-8A01-044BDA983362}.Release|Any CPU.Build.0 = Release|Any CPU
	EndGlobalSection
	GlobalSection(SolutionProperties) = preSolution
		HideSolutionNode = FALSE
	EndGlobalSection
	GlobalSection(ExtensibilityGlobals) = postSolution
		SolutionGuid = {EBAA2CA1-05B7-4D76-A1A5-EAE660DDAC85}
	EndGlobalSection
EndGlobal
