
Microsoft Visual Studio Solution File, Format Version 12.00
# Visual Studio Version 17
VisualStudioVersion = 17.13.35931.197 d17.13
MinimumVisualStudioVersion = 10.0.40219.1
Project("{FAE04EC0-301F-11D3-BF4B-00C04F79EFBC}") = "Sealed Class_Method", "Sealed Class_Method\Sealed Class_Method.csproj", "{5B43B578-52CB-4093-996A-E13A9116A408}"
EndProject
Global
	GlobalSection(SolutionConfigurationPlatforms) = preSolution
		Debug|Any CPU = Debug|Any CPU
		Release|Any CPU = Release|Any CPU
	EndGlobalSection
	GlobalSection(ProjectConfigurationPlatforms) = postSolution
		{5B43B578-52CB-4093-996A-E13A9116A408}.Debug|Any CPU.ActiveCfg = Debug|Any CPU
		{5B43B578-52CB-4093-996A-E13A9116A408}.Debug|Any CPU.Build.0 = Debug|Any CPU
		{5B43B578-52CB-4093-996A-E13A9116A408}.Release|Any CPU.ActiveCfg = Release|Any CPU
		{5B43B578-52CB-4093-996A-E13A9116A408}.Release|Any CPU.Build.0 = Release|Any CPU
	EndGlobalSection
	GlobalSection(SolutionProperties) = preSolution
		HideSolutionNode = FALSE
	EndGlobalSection
	GlobalSection(ExtensibilityGlobals) = postSolution
		SolutionGuid = {908E475A-0A82-415B-ABBA-A53234492CCD}
	EndGlobalSection
EndGlobal
