
Microsoft Visual Studio Solution File, Format Version 12.00
# Visual Studio Version 17
VisualStudioVersion = 17.13.35931.197 d17.13
MinimumVisualStudioVersion = 10.0.40219.1
Project("{FAE04EC0-301F-11D3-BF4B-00C04F79EFBC}") = "List", "List\List.csproj", "{6B20D7DD-0B5D-462F-88CD-BF396CAC7482}"
EndProject
Global
	GlobalSection(SolutionConfigurationPlatforms) = preSolution
		Debug|Any CPU = Debug|Any CPU
		Release|Any CPU = Release|Any CPU
	EndGlobalSection
	GlobalSection(ProjectConfigurationPlatforms) = postSolution
		{6B20D7DD-0B5D-462F-88CD-BF396CAC7482}.Debug|Any CPU.ActiveCfg = Debug|Any CPU
		{6B20D7DD-0B5D-462F-88CD-BF396CAC7482}.Debug|Any CPU.Build.0 = Debug|Any CPU
		{6B20D7DD-0B5D-462F-88CD-BF396CAC7482}.Release|Any CPU.ActiveCfg = Release|Any CPU
		{6B20D7DD-0B5D-462F-88CD-BF396CAC7482}.Release|Any CPU.Build.0 = Release|Any CPU
	EndGlobalSection
	GlobalSection(SolutionProperties) = preSolution
		HideSolutionNode = FALSE
	EndGlobalSection
	GlobalSection(ExtensibilityGlobals) = postSolution
		SolutionGuid = {E432D82A-163B-4842-BA04-4A32B16077EB}
	EndGlobalSection
EndGlobal
