
Microsoft Visual Studio Solution File, Format Version 12.00
# Visual Studio Version 17
VisualStudioVersion = 17.13.35931.197 d17.13
MinimumVisualStudioVersion = 10.0.40219.1
Project("{FAE04EC0-301F-11D3-BF4B-00C04F79EFBC}") = "Inheritance", "Inheritance\Inheritance.csproj", "{A14E92C1-33E9-45D5-A209-29D13F7445D9}"
EndProject
Global
	GlobalSection(SolutionConfigurationPlatforms) = preSolution
		Debug|Any CPU = Debug|Any CPU
		Release|Any CPU = Release|Any CPU
	EndGlobalSection
	GlobalSection(ProjectConfigurationPlatforms) = postSolution
		{A14E92C1-33E9-45D5-A209-29D13F7445D9}.Debug|Any CPU.ActiveCfg = Debug|Any CPU
		{A14E92C1-33E9-45D5-A209-29D13F7445D9}.Debug|Any CPU.Build.0 = Debug|Any CPU
		{A14E92C1-33E9-45D5-A209-29D13F7445D9}.Release|Any CPU.ActiveCfg = Release|Any CPU
		{A14E92C1-33E9-45D5-A209-29D13F7445D9}.Release|Any CPU.Build.0 = Release|Any CPU
	EndGlobalSection
	GlobalSection(SolutionProperties) = preSolution
		HideSolutionNode = FALSE
	EndGlobalSection
	GlobalSection(ExtensibilityGlobals) = postSolution
		SolutionGuid = {4A0C7020-71EE-4F53-9E1A-78186E9BE652}
	EndGlobalSection
EndGlobal
