
Microsoft Visual Studio Solution File, Format Version 12.00
# Visual Studio Version 17
VisualStudioVersion = 17.13.35931.197 d17.13
MinimumVisualStudioVersion = 10.0.40219.1
Project("{FAE04EC0-301F-11D3-BF4B-00C04F79EFBC}") = "Partial Class", "Partial Calass\Partial Class.csproj", "{74F345C0-8EBF-4E62-938F-7960D3CB71DB}"
EndProject
Global
	GlobalSection(SolutionConfigurationPlatforms) = preSolution
		Debug|Any CPU = Debug|Any CPU
		Release|Any CPU = Release|Any CPU
	EndGlobalSection
	GlobalSection(ProjectConfigurationPlatforms) = postSolution
		{74F345C0-8EBF-4E62-938F-7960D3CB71DB}.Debug|Any CPU.ActiveCfg = Debug|Any CPU
		{74F345C0-8EBF-4E62-938F-7960D3CB71DB}.Debug|Any CPU.Build.0 = Debug|Any CPU
		{74F345C0-8EBF-4E62-938F-7960D3CB71DB}.Release|Any CPU.ActiveCfg = Release|Any CPU
		{74F345C0-8EBF-4E62-938F-7960D3CB71DB}.Release|Any CPU.Build.0 = Release|Any CPU
	EndGlobalSection
	GlobalSection(SolutionProperties) = preSolution
		HideSolutionNode = FALSE
	EndGlobalSection
	GlobalSection(ExtensibilityGlobals) = postSolution
		SolutionGuid = {E87F4D07-F103-48D3-80D4-0D2F76572548}
	EndGlobalSection
EndGlobal
