
Microsoft Visual Studio Solution File, Format Version 12.00
# Visual Studio Version 17
VisualStudioVersion = 17.13.35931.197 d17.13
MinimumVisualStudioVersion = 10.0.40219.1
Project("{FAE04EC0-301F-11D3-BF4B-00C04F79EFBC}") = "State Management Technique", "State Management Technique.csproj", "{0056F33B-0EC0-45BF-8CC5-C6119A0BD41E}"
EndProject
Global
	GlobalSection(SolutionConfigurationPlatforms) = preSolution
		Debug|Any CPU = Debug|Any CPU
		Release|Any CPU = Release|Any CPU
	EndGlobalSection
	GlobalSection(ProjectConfigurationPlatforms) = postSolution
		{0056F33B-0EC0-45BF-8CC5-C6119A0BD41E}.Debug|Any CPU.ActiveCfg = Debug|Any CPU
		{0056F33B-0EC0-45BF-8CC5-C6119A0BD41E}.Debug|Any CPU.Build.0 = Debug|Any CPU
		{0056F33B-0EC0-45BF-8CC5-C6119A0BD41E}.Release|Any CPU.ActiveCfg = Release|Any CPU
		{0056F33B-0EC0-45BF-8CC5-C6119A0BD41E}.Release|Any CPU.Build.0 = Release|Any CPU
	EndGlobalSection
	GlobalSection(SolutionProperties) = preSolution
		HideSolutionNode = FALSE
	EndGlobalSection
	GlobalSection(ExtensibilityGlobals) = postSolution
		SolutionGuid = {E6B61B05-63E6-408D-904A-1434EF2F18C6}
	EndGlobalSection
EndGlobal
