
Microsoft Visual Studio Solution File, Format Version 12.00
# Visual Studio Version 17
VisualStudioVersion = 17.13.35931.197 d17.13
MinimumVisualStudioVersion = 10.0.40219.1
Project("{FAE04EC0-301F-11D3-BF4B-00C04F79EFBC}") = "Abstract class_method", "Abstract class_method\Abstract class_method.csproj", "{354477C5-C9D9-4EB2-816B-0A9A76C50EA4}"
EndProject
Global
	GlobalSection(SolutionConfigurationPlatforms) = preSolution
		Debug|Any CPU = Debug|Any CPU
		Release|Any CPU = Release|Any CPU
	EndGlobalSection
	GlobalSection(ProjectConfigurationPlatforms) = postSolution
		{354477C5-C9D9-4EB2-816B-0A9A76C50EA4}.Debug|Any CPU.ActiveCfg = Debug|Any CPU
		{354477C5-C9D9-4EB2-816B-0A9A76C50EA4}.Debug|Any CPU.Build.0 = Debug|Any CPU
		{354477C5-C9D9-4EB2-816B-0A9A76C50EA4}.Release|Any CPU.ActiveCfg = Release|Any CPU
		{354477C5-C9D9-4EB2-816B-0A9A76C50EA4}.Release|Any CPU.Build.0 = Release|Any CPU
	EndGlobalSection
	GlobalSection(SolutionProperties) = preSolution
		HideSolutionNode = FALSE
	EndGlobalSection
	GlobalSection(ExtensibilityGlobals) = postSolution
		SolutionGuid = {8C2685B5-3019-4A0C-980D-95B64D4F96F9}
	EndGlobalSection
EndGlobal
